// !$*UTF8*$!
{
	archiveVersion = 1;
	classes = {
	};
	objectVersion = 48;
	objects = {

/* Begin PBXBuildFile section */
		C299BF2A1FF233FA003684C7 /* NeuralNetworks.framework in Frameworks */ = {isa = PBXBuildFile; fileRef = C299BF201FF233FA003684C7 /* NeuralNetworks.framework */; };
		C299BF2F1FF233FA003684C7 /* NeuralNetworksTests.swift in Sources */ = {isa = PBXBuildFile; fileRef = C299BF2E1FF233FA003684C7 /* NeuralNetworksTests.swift */; };
		C299BF311FF233FA003684C7 /* NeuralNetworks.h in Headers */ = {isa = PBXBuildFile; fileRef = C299BF231FF233FA003684C7 /* NeuralNetworks.h */; settings = {ATTRIBUTES = (Public, ); }; };
		C299BF411FF23434003684C7 /* Structure.swift in Sources */ = {isa = PBXBuildFile; fileRef = C299BF3A1FF23434003684C7 /* Structure.swift */; };
		C299BF421FF23434003684C7 /* NeuralNet.swift in Sources */ = {isa = PBXBuildFile; fileRef = C299BF3B1FF23434003684C7 /* NeuralNet.swift */; };
		C299BF431FF23434003684C7 /* Error.swift in Sources */ = {isa = PBXBuildFile; fileRef = C299BF3C1FF23434003684C7 /* Error.swift */; };
		C299BF441FF23434003684C7 /* Activation.swift in Sources */ = {isa = PBXBuildFile; fileRef = C299BF3D1FF23434003684C7 /* Activation.swift */; };
		C299BF451FF23434003684C7 /* Cache.swift in Sources */ = {isa = PBXBuildFile; fileRef = C299BF3E1FF23434003684C7 /* Cache.swift */; };
		C299BF461FF23434003684C7 /* Dataset.swift in Sources */ = {isa = PBXBuildFile; fileRef = C299BF3F1FF23434003684C7 /* Dataset.swift */; };
		C299BF471FF23434003684C7 /* Storage.swift in Sources */ = {isa = PBXBuildFile; fileRef = C299BF401FF23434003684C7 /* Storage.swift */; };
		C299BF491FF23444003684C7 /* README.md in Resources */ = {isa = PBXBuildFile; fileRef = C299BF481FF23444003684C7 /* README.md */; };
/* End PBXBuildFile section */

/* Begin PBXContainerItemProxy section */
		C299BF2B1FF233FA003684C7 /* PBXContainerItemProxy */ = {
			isa = PBXContainerItemProxy;
			containerPortal = C299BF171FF233FA003684C7 /* Project object */;
			proxyType = 1;
			remoteGlobalIDString = C299BF1F1FF233FA003684C7;
			remoteInfo = NeuralNetworks;
		};
/* End PBXContainerItemProxy section */

/* Begin PBXFileReference section */
		C299BF201FF233FA003684C7 /* NeuralNetworks.framework */ = {isa = PBXFileReference; explicitFileType = wrapper.framework; includeInIndex = 0; path = NeuralNetworks.framework; sourceTree = BUILT_PRODUCTS_DIR; };
		C299BF231FF233FA003684C7 /* NeuralNetworks.h */ = {isa = PBXFileReference; lastKnownFileType = sourcecode.c.h; path = NeuralNetworks.h; sourceTree = "<group>"; };
		C299BF241FF233FA003684C7 /* Info.plist */ = {isa = PBXFileReference; lastKnownFileType = text.plist.xml; path = Info.plist; sourceTree = "<group>"; };
		C299BF291FF233FA003684C7 /* NeuralNetworksTests.xctest */ = {isa = PBXFileReference; explicitFileType = wrapper.cfbundle; includeInIndex = 0; path = NeuralNetworksTests.xctest; sourceTree = BUILT_PRODUCTS_DIR; };
		C299BF2E1FF233FA003684C7 /* NeuralNetworksTests.swift */ = {isa = PBXFileReference; lastKnownFileType = sourcecode.swift; path = NeuralNetworksTests.swift; sourceTree = "<group>"; };
		C299BF301FF233FA003684C7 /* Info.plist */ = {isa = PBXFileReference; lastKnownFileType = text.plist.xml; path = Info.plist; sourceTree = "<group>"; };
		C299BF3A1FF23434003684C7 /* Structure.swift */ = {isa = PBXFileReference; fileEncoding = 4; lastKnownFileType = sourcecode.swift; path = Structure.swift; sourceTree = "<group>"; };
		C299BF3B1FF23434003684C7 /* NeuralNet.swift */ = {isa = PBXFileReference; fileEncoding = 4; lastKnownFileType = sourcecode.swift; path = NeuralNet.swift; sourceTree = "<group>"; };
		C299BF3C1FF23434003684C7 /* Error.swift */ = {isa = PBXFileReference; fileEncoding = 4; lastKnownFileType = sourcecode.swift; path = Error.swift; sourceTree = "<group>"; };
		C299BF3D1FF23434003684C7 /* Activation.swift */ = {isa = PBXFileReference; fileEncoding = 4; lastKnownFileType = sourcecode.swift; path = Activation.swift; sourceTree = "<group>"; };
		C299BF3E1FF23434003684C7 /* Cache.swift */ = {isa = PBXFileReference; fileEncoding = 4; lastKnownFileType = sourcecode.swift; path = Cache.swift; sourceTree = "<group>"; };
		C299BF3F1FF23434003684C7 /* Dataset.swift */ = {isa = PBXFileReference; fileEncoding = 4; lastKnownFileType = sourcecode.swift; path = Dataset.swift; sourceTree = "<group>"; };
		C299BF401FF23434003684C7 /* Storage.swift */ = {isa = PBXFileReference; fileEncoding = 4; lastKnownFileType = sourcecode.swift; path = Storage.swift; sourceTree = "<group>"; };
		C299BF481FF23444003684C7 /* README.md */ = {isa = PBXFileReference; fileEncoding = 4; lastKnownFileType = net.daringfireball.markdown; path = README.md; sourceTree = "<group>"; };
/* End PBXFileReference section */

/* Begin PBXFrameworksBuildPhase section */
		C299BF1C1FF233FA003684C7 /* Frameworks */ = {
			isa = PBXFrameworksBuildPhase;
			buildActionMask = 2147483647;
			files = (
			);
			runOnlyForDeploymentPostprocessing = 0;
		};
		C299BF261FF233FA003684C7 /* Frameworks */ = {
			isa = PBXFrameworksBuildPhase;
			buildActionMask = 2147483647;
			files = (
				C299BF2A1FF233FA003684C7 /* NeuralNetworks.framework in Frameworks */,
			);
			runOnlyForDeploymentPostprocessing = 0;
		};
/* End PBXFrameworksBuildPhase section */

/* Begin PBXGroup section */
		C299BF161FF233FA003684C7 = {
			isa = PBXGroup;
			children = (
				C299BF481FF23444003684C7 /* README.md */,
				C299BF221FF233FA003684C7 /* NeuralNetworks */,
				C299BF2D1FF233FA003684C7 /* NeuralNetworksTests */,
				C299BF211FF233FA003684C7 /* Products */,
			);
			sourceTree = "<group>";
		};
		C299BF211FF233FA003684C7 /* Products */ = {
			isa = PBXGroup;
			children = (
				C299BF201FF233FA003684C7 /* NeuralNetworks.framework */,
				C299BF291FF233FA003684C7 /* NeuralNetworksTests.xctest */,
			);
			name = Products;
			sourceTree = "<group>";
		};
		C299BF221FF233FA003684C7 /* NeuralNetworks */ = {
			isa = PBXGroup;
			children = (
				C299BF231FF233FA003684C7 /* NeuralNetworks.h */,
				C299BF3D1FF23434003684C7 /* Activation.swift */,
				C299BF3E1FF23434003684C7 /* Cache.swift */,
				C299BF3F1FF23434003684C7 /* Dataset.swift */,
				C299BF3C1FF23434003684C7 /* Error.swift */,
				C299BF3B1FF23434003684C7 /* NeuralNet.swift */,
				C299BF401FF23434003684C7 /* Storage.swift */,
				C299BF3A1FF23434003684C7 /* Structure.swift */,
				C299BF241FF233FA003684C7 /* Info.plist */,
			);
			path = NeuralNetworks;
			sourceTree = "<group>";
		};
		C299BF2D1FF233FA003684C7 /* NeuralNetworksTests */ = {
			isa = PBXGroup;
			children = (
				C299BF2E1FF233FA003684C7 /* NeuralNetworksTests.swift */,
				C299BF301FF233FA003684C7 /* Info.plist */,
			);
			path = NeuralNetworksTests;
			sourceTree = "<group>";
		};
/* End PBXGroup section */

/* Begin PBXHeadersBuildPhase section */
		C299BF1D1FF233FA003684C7 /* Headers */ = {
			isa = PBXHeadersBuildPhase;
			buildActionMask = 2147483647;
			files = (
				C299BF311FF233FA003684C7 /* NeuralNetworks.h in Headers */,
			);
			runOnlyForDeploymentPostprocessing = 0;
		};
/* End PBXHeadersBuildPhase section */

/* Begin PBXNativeTarget section */
		C299BF1F1FF233FA003684C7 /* NeuralNetworks */ = {
			isa = PBXNativeTarget;
			buildConfigurationList = C299BF341FF233FA003684C7 /* Build configuration list for PBXNativeTarget "NeuralNetworks" */;
			buildPhases = (
				C299BF1B1FF233FA003684C7 /* Sources */,
				C299BF1C1FF233FA003684C7 /* Frameworks */,
				C299BF1D1FF233FA003684C7 /* Headers */,
				C299BF1E1FF233FA003684C7 /* Resources */,
			);
			buildRules = (
			);
			dependencies = (
			);
			name = NeuralNetworks;
			productName = NeuralNetworks;
			productReference = C299BF201FF233FA003684C7 /* NeuralNetworks.framework */;
			productType = "com.apple.product-type.framework";
		};
		C299BF281FF233FA003684C7 /* NeuralNetworksTests */ = {
			isa = PBXNativeTarget;
			buildConfigurationList = C299BF371FF233FA003684C7 /* Build configuration list for PBXNativeTarget "NeuralNetworksTests" */;
			buildPhases = (
				C299BF251FF233FA003684C7 /* Sources */,
				C299BF261FF233FA003684C7 /* Frameworks */,
				C299BF271FF233FA003684C7 /* Resources */,
			);
			buildRules = (
			);
			dependencies = (
				C299BF2C1FF233FA003684C7 /* PBXTargetDependency */,
			);
			name = NeuralNetworksTests;
			productName = NeuralNetworksTests;
			productReference = C299BF291FF233FA003684C7 /* NeuralNetworksTests.xctest */;
			productType = "com.apple.product-type.bundle.unit-test";
		};
/* End PBXNativeTarget section */

/* Begin PBXProject section */
		C299BF171FF233FA003684C7 /* Project object */ = {
			isa = PBXProject;
			attributes = {
				LastSwiftUpdateCheck = 0920;
				LastUpgradeCheck = 0920;
				ORGANIZATIONNAME = wangkan;
				TargetAttributes = {
					C299BF1F1FF233FA003684C7 = {
						CreatedOnToolsVersion = 9.2;
						LastSwiftMigration = 0920;
						ProvisioningStyle = Automatic;
					};
					C299BF281FF233FA003684C7 = {
						CreatedOnToolsVersion = 9.2;
						ProvisioningStyle = Automatic;
					};
				};
			};
			buildConfigurationList = C299BF1A1FF233FA003684C7 /* Build configuration list for PBXProject "NeuralNetworks" */;
			compatibilityVersion = "Xcode 8.0";
			developmentRegion = en;
			hasScannedForEncodings = 0;
			knownRegions = (
				en,
			);
			mainGroup = C299BF161FF233FA003684C7;
			productRefGroup = C299BF211FF233FA003684C7 /* Products */;
			projectDirPath = "";
			projectRoot = "";
			targets = (
				C299BF1F1FF233FA003684C7 /* NeuralNetworks */,
				C299BF281FF233FA003684C7 /* NeuralNetworksTests */,
			);
		};
/* End PBXProject section */

/* Begin PBXResourcesBuildPhase section */
		C299BF1E1FF233FA003684C7 /* Resources */ = {
			isa = PBXResourcesBuildPhase;
			buildActionMask = 2147483647;
			files = (
				C299BF491FF23444003684C7 /* README.md in Resources */,
			);
			runOnlyForDeploymentPostprocessing = 0;
		};
		C299BF271FF233FA003684C7 /* Resources */ = {
			isa = PBXResourcesBuildPhase;
			buildActionMask = 2147483647;
			files = (
			);
			runOnlyForDeploymentPostprocessing = 0;
		};
/* End PBXResourcesBuildPhase section */

/* Begin PBXSourcesBuildPhase section */
		C299BF1B1FF233FA003684C7 /* Sources */ = {
			isa = PBXSourcesBuildPhase;
			buildActionMask = 2147483647;
			files = (
				C299BF461FF23434003684C7 /* Dataset.swift in Sources */,
				C299BF471FF23434003684C7 /* Storage.swift in Sources */,
				C299BF421FF23434003684C7 /* NeuralNet.swift in Sources */,
				C299BF451FF23434003684C7 /* Cache.swift in Sources */,
				C299BF441FF23434003684C7 /* Activation.swift in Sources */,
				C299BF431FF23434003684C7 /* Error.swift in Sources */,
				C299BF411FF23434003684C7 /* Structure.swift in Sources */,
			);
			runOnlyForDeploymentPostprocessing = 0;
		};
		C299BF251FF233FA003684C7 /* Sources */ = {
			isa = PBXSourcesBuildPhase;
			buildActionMask = 2147483647;
			files = (
				C299BF2F1FF233FA003684C7 /* NeuralNetworksTests.swift in Sources */,
			);
			runOnlyForDeploymentPostprocessing = 0;
		};
/* End PBXSourcesBuildPhase section */

/* Begin PBXTargetDependency section */
		C299BF2C1FF233FA003684C7 /* PBXTargetDependency */ = {
			isa = PBXTargetDependency;
			target = C299BF1F1FF233FA003684C7 /* NeuralNetworks */;
			targetProxy = C299BF2B1FF233FA003684C7 /* PBXContainerItemProxy */;
		};
/* End PBXTargetDependency section */

/* Begin XCBuildConfiguration section */
		C299BF321FF233FA003684C7 /* Debug */ = {
			isa = XCBuildConfiguration;
			buildSettings = {
				ALWAYS_SEARCH_USER_PATHS = NO;
				CLANG_ANALYZER_NONNULL = YES;
				CLANG_ANALYZER_NUMBER_OBJECT_CONVERSION = YES_AGGRESSIVE;
				CLANG_CXX_LANGUAGE_STANDARD = "gnu++14";
				CLANG_CXX_LIBRARY = "libc++";
				CLANG_ENABLE_MODULES = YES;
				CLANG_ENABLE_OBJC_ARC = YES;
				CLANG_WARN_BLOCK_CAPTURE_AUTORELEASING = YES;
				CLANG_WARN_BOOL_CONVERSION = YES;
				CLANG_WARN_COMMA = YES;
				CLANG_WARN_CONSTANT_CONVERSION = YES;
				CLANG_WARN_DIRECT_OBJC_ISA_USAGE = YES_ERROR;
				CLANG_WARN_DOCUMENTATION_COMMENTS = YES;
				CLANG_WARN_EMPTY_BODY = YES;
				CLANG_WARN_ENUM_CONVERSION = YES;
				CLANG_WARN_INFINITE_RECURSION = YES;
				CLANG_WARN_INT_CONVERSION = YES;
				CLANG_WARN_NON_LITERAL_NULL_CONVERSION = YES;
				CLANG_WARN_OBJC_LITERAL_CONVERSION = YES;
				CLANG_WARN_OBJC_ROOT_CLASS = YES_ERROR;
				CLANG_WARN_RANGE_LOOP_ANALYSIS = YES;
				CLANG_WARN_STRICT_PROTOTYPES = YES;
				CLANG_WARN_SUSPICIOUS_MOVE = YES;
				CLANG_WARN_UNGUARDED_AVAILABILITY = YES_AGGRESSIVE;
				CLANG_WARN_UNREACHABLE_CODE = YES;
				CLANG_WARN__DUPLICATE_METHOD_MATCH = YES;
				CODE_SIGN_IDENTITY = "iPhone Developer";
				COPY_PHASE_STRIP = NO;
				CURRENT_PROJECT_VERSION = 1;
				DEBUG_INFORMATION_FORMAT = dwarf;
				ENABLE_STRICT_OBJC_MSGSEND = YES;
				ENABLE_TESTABILITY = YES;
				GCC_C_LANGUAGE_STANDARD = gnu11;
				GCC_DYNAMIC_NO_PIC = NO;
				GCC_NO_COMMON_BLOCKS = YES;
				GCC_OPTIMIZATION_LEVEL = 0;
				GCC_PREPROCESSOR_DEFINITIONS = (
					"DEBUG=1",
					"$(inherited)",
				);
				GCC_WARN_64_TO_32_BIT_CONVERSION = YES;
				GCC_WARN_ABOUT_RETURN_TYPE = YES_ERROR;
				GCC_WARN_UNDECLARED_SELECTOR = YES;
				GCC_WARN_UNINITIALIZED_AUTOS = YES_AGGRESSIVE;
				GCC_WARN_UNUSED_FUNCTION = YES;
				GCC_WARN_UNUSED_VARIABLE = YES;
				IPHONEOS_DEPLOYMENT_TARGET = 11.2;
				MTL_ENABLE_DEBUG_INFO = YES;
				ONLY_ACTIVE_ARCH = YES;
				SDKROOT = iphoneos;
				SWIFT_ACTIVE_COMPILATION_CONDITIONS = DEBUG;
				SWIFT_OPTIMIZATION_LEVEL = "-Onone";
				VERSIONING_SYSTEM = "apple-generic";
				VERSION_INFO_PREFIX = "";
			};
			name = Debug;
		};
		C299BF331FF233FA003684C7 /* Release */ = {
			isa = XCBuildConfiguration;
			buildSettings = {
				ALWAYS_SEARCH_USER_PATHS = NO;
				CLANG_ANALYZER_NONNULL = YES;
				CLANG_ANALYZER_NUMBER_OBJECT_CONVERSION = YES_AGGRESSIVE;
				CLANG_CXX_LANGUAGE_STANDARD = "gnu++14";
				CLANG_CXX_LIBRARY = "libc++";
				CLANG_ENABLE_MODULES = YES;
				CLANG_ENABLE_OBJC_ARC = YES;
				CLANG_WARN_BLOCK_CAPTURE_AUTORELEASING = YES;
				CLANG_WARN_BOOL_CONVERSION = YES;
				CLANG_WARN_COMMA = YES;
				CLANG_WARN_CONSTANT_CONVERSION = YES;
				CLANG_WARN_DIRECT_OBJC_ISA_USAGE = YES_ERROR;
				CLANG_WARN_DOCUMENTATION_COMMENTS = YES;
				CLANG_WARN_EMPTY_BODY = YES;
				CLANG_WARN_ENUM_CONVERSION = YES;
				CLANG_WARN_INFINITE_RECURSION = YES;
				CLANG_WARN_INT_CONVERSION = YES;
				CLANG_WARN_NON_LITERAL_NULL_CONVERSION = YES;
				CLANG_WARN_OBJC_LITERAL_CONVERSION = YES;
				CLANG_WARN_OBJC_ROOT_CLASS = YES_ERROR;
				CLANG_WARN_RANGE_LOOP_ANALYSIS = YES;
				CLANG_WARN_STRICT_PROTOTYPES = YES;
				CLANG_WARN_SUSPICIOUS_MOVE = YES;
				CLANG_WARN_UNGUARDED_AVAILABILITY = YES_AGGRESSIVE;
				CLANG_WARN_UNREACHABLE_CODE = YES;
				CLANG_WARN__DUPLICATE_METHOD_MATCH = YES;
				CODE_SIGN_IDENTITY = "iPhone Developer";
				COPY_PHASE_STRIP = NO;
				CURRENT_PROJECT_VERSION = 1;
				DEBUG_INFORMATION_FORMAT = "dwarf-with-dsym";
				ENABLE_NS_ASSERTIONS = NO;
				ENABLE_STRICT_OBJC_MSGSEND = YES;
				GCC_C_LANGUAGE_STANDARD = gnu11;
				GCC_NO_COMMON_BLOCKS = YES;
				GCC_WARN_64_TO_32_BIT_CONVERSION = YES;
				GCC_WARN_ABOUT_RETURN_TYPE = YES_ERROR;
				GCC_WARN_UNDECLARED_SELECTOR = YES;
				GCC_WARN_UNINITIALIZED_AUTOS = YES_AGGRESSIVE;
				GCC_WARN_UNUSED_FUNCTION = YES;
				GCC_WARN_UNUSED_VARIABLE = YES;
				IPHONEOS_DEPLOYMENT_TARGET = 11.2;
				MTL_ENABLE_DEBUG_INFO = NO;
				SDKROOT = iphoneos;
				SWIFT_OPTIMIZATION_LEVEL = "-Owholemodule";
				VALIDATE_PRODUCT = YES;
				VERSIONING_SYSTEM = "apple-generic";
				VERSION_INFO_PREFIX = "";
			};
			name = Release;
		};
		C299BF351FF233FA003684C7 /* Debug */ = {
			isa = XCBuildConfiguration;
			buildSettings = {
				CLANG_ENABLE_MODULES = YES;
				CODE_SIGN_IDENTITY = "";
				CODE_SIGN_STYLE = Automatic;
				DEFINES_MODULE = YES;
				DEVELOPMENT_TEAM = W3MH7MTTSB;
				DYLIB_COMPATIBILITY_VERSION = 1;
				DYLIB_CURRENT_VERSION = 1;
				DYLIB_INSTALL_NAME_BASE = "@rpath";
				INFOPLIST_FILE = NeuralNetworks/Info.plist;
				INSTALL_PATH = "$(LOCAL_LIBRARY_DIR)/Frameworks";
				LD_RUNPATH_SEARCH_PATHS = "$(inherited) @executable_path/Frameworks @loader_path/Frameworks";
				PRODUCT_BUNDLE_IDENTIFIER = rockgarden.NeuralNetworks;
				PRODUCT_NAME = "$(TARGET_NAME:c99extidentifier)";
				SKIP_INSTALL = YES;
				SWIFT_OPTIMIZATION_LEVEL = "-Onone";
				SWIFT_VERSION = 4.0;
				TARGETED_DEVICE_FAMILY = "1,2";
			};
			name = Debug;
		};
		C299BF361FF233FA003684C7 /* Release */ = {
			isa = XCBuildConfiguration;
			buildSettings = {
				CLANG_ENABLE_MODULES = YES;
				CODE_SIGN_IDENTITY = "";
				CODE_SIGN_STYLE = Automatic;
				DEFINES_MODULE = YES;
				DEVELOPMENT_TEAM = W3MH7MTTSB;
				DYLIB_COMPATIBILITY_VERSION = 1;
				DYLIB_CURRENT_VERSION = 1;
				DYLIB_INSTALL_NAME_BASE = "@rpath";
				INFOPLIST_FILE = NeuralNetworks/Info.plist;
				INSTALL_PATH = "$(LOCAL_LIBRARY_DIR)/Frameworks";
				LD_RUNPATH_SEARCH_PATHS = "$(inherited) @executable_path/Frameworks @loader_path/Frameworks";
				PRODUCT_BUNDLE_IDENTIFIER = rockgarden.NeuralNetworks;
				PRODUCT_NAME = "$(TARGET_NAME:c99extidentifier)";
				SKIP_INSTALL = YES;
				SWIFT_VERSION = 4.0;
				TARGETED_DEVICE_FAMILY = "1,2";
			};
			name = Release;
		};
		C299BF381FF233FA003684C7 /* Debug */ = {
			isa = XCBuildConfiguration;
			buildSettings = {
				ALWAYS_EMBED_SWIFT_STANDARD_LIBRARIES = YES;
				CODE_SIGN_STYLE = Automatic;
				DEVELOPMENT_TEAM = W3MH7MTTSB;
				INFOPLIST_FILE = NeuralNetworksTests/Info.plist;
				LD_RUNPATH_SEARCH_PATHS = "$(inherited) @executable_path/Frameworks @loader_path/Frameworks";
				PRODUCT_BUNDLE_IDENTIFIER = rockgarden.NeuralNetworksTests;
				PRODUCT_NAME = "$(TARGET_NAME)";
				SWIFT_VERSION = 4.0;
				TARGETED_DEVICE_FAMILY = "1,2";
			};
			name = Debug;
		};
		C299BF391FF233FA003684C7 /* Release */ = {
			isa = XCBuildConfiguration;
			buildSettings = {
				ALWAYS_EMBED_SWIFT_STANDARD_LIBRARIES = YES;
				CODE_SIGN_STYLE = Automatic;
				DEVELOPMENT_TEAM = W3MH7MTTSB;
				INFOPLIST_FILE = NeuralNetworksTests/Info.plist;
				LD_RUNPATH_SEARCH_PATHS = "$(inherited) @executable_path/Frameworks @loader_path/Frameworks";
				PRODUCT_BUNDLE_IDENTIFIER = rockgarden.NeuralNetworksTests;
				PRODUCT_NAME = "$(TARGET_NAME)";
				SWIFT_VERSION = 4.0;
				TARGETED_DEVICE_FAMILY = "1,2";
			};
			name = Release;
		};
/* End XCBuildConfiguration section */

/* Begin XCConfigurationList section */
		C299BF1A1FF233FA003684C7 /* Build configuration list for PBXProject "NeuralNetworks" */ = {
			isa = XCConfigurationList;
			buildConfigurations = (
				C299BF321FF233FA003684C7 /* Debug */,
				C299BF331FF233FA003684C7 /* Release */,
			);
			defaultConfigurationIsVisible = 0;
			defaultConfigurationName = Release;
		};
		C299BF341FF233FA003684C7 /* Build configuration list for PBXNativeTarget "NeuralNetworks" */ = {
			isa = XCConfigurationList;
			buildConfigurations = (
				C299BF351FF233FA003684C7 /* Debug */,
				C299BF361FF233FA003684C7 /* Release */,
			);
			defaultConfigurationIsVisible = 0;
			defaultConfigurationName = Release;
		};
		C299BF371FF233FA003684C7 /* Build configuration list for PBXNativeTarget "NeuralNetworksTests" */ = {
			isa = XCConfigurationList;
			buildConfigurations = (
				C299BF381FF233FA003684C7 /* Debug */,
				C299BF391FF233FA003684C7 /* Release */,
			);
			defaultConfigurationIsVisible = 0;
			defaultConfigurationName = Release;
		};
/* End XCConfigurationList section */
	};
	rootObject = C299BF171FF233FA003684C7 /* Project object */;
}
